
Microsoft Visual Studio Solution File, Format Version 12.00
# Visual Studio Version 16
VisualStudioVersion = 16.0.810.20
MinimumVisualStudioVersion = 10.0.40219.1
Project("{FAE04EC0-301F-11D3-BF4B-00C04F79EFBC}") = "Classwork", "Classwork\Classwork.csproj", "{C1575C2D-41CA-4063-9791-1387C6569324}"
EndProject
Global
	GlobalSection(SolutionConfigurationPlatforms) = preSolution
		Debug|Any CPU = Debug|Any CPU
		Release|Any CPU = Release|Any CPU
	EndGlobalSection
	GlobalSection(ProjectConfigurationPlatforms) = postSolution
		{C1575C2D-41CA-4063-9791-1387C6569324}.Debug|Any CPU.ActiveCfg = Debug|Any CPU
		{C1575C2D-41CA-4063-9791-1387C6569324}.Debug|Any CPU.Build.0 = Debug|Any CPU
		{C1575C2D-41CA-4063-9791-1387C6569324}.Release|Any CPU.ActiveCfg = Release|Any CPU
		{C1575C2D-41CA-4063-9791-1387C6569324}.Release|Any CPU.Build.0 = Release|Any CPU
	EndGlobalSection
	GlobalSection(SolutionProperties) = preSolution
		HideSolutionNode = FALSE
	EndGlobalSection
	GlobalSection(ExtensibilityGlobals) = postSolution
		SolutionGuid = {786FAAEF-0B3E-46FC-AE1F-7E17CB6E49AA}
	EndGlobalSection
EndGlobal
